
Microsoft Visual Studio Solution File, Format Version 12.00
# Visual Studio 15
VisualStudioVersion = 15.0.27130.2026
MinimumVisualStudioVersion = 10.0.40219.1
Project("{8BC9CEB8-8B4A-11D0-8D11-00A0C91BC942}") = "Project1", "Project1\Project1.vcxproj", "{19FC229E-7034-4149-8D19-BEAB1CDE7DDB}"
EndProject
Global
	GlobalSection(SolutionConfigurationPlatforms) = preSolution
		Debug|x64 = Debug|x64
		Debug|x86 = Debug|x86
		Release|x64 = Release|x64
		Release|x86 = Release|x86
	EndGlobalSection
	GlobalSection(ProjectConfigurationPlatforms) = postSolution
		{19FC229E-7034-4149-8D19-BEAB1CDE7DDB}.Debug|x64.ActiveCfg = Debug|x64
		{19FC229E-7034-4149-8D19-BEAB1CDE7DDB}.Debug|x64.Build.0 = Debug|x64
		{19FC229E-7034-4149-8D19-BEAB1CDE7DDB}.Debug|x86.ActiveCfg = Debug|Win32
		{19FC229E-7034-4149-8D19-BEAB1CDE7DDB}.Debug|x86.Build.0 = Debug|Win32
		{19FC229E-7034-4149-8D19-BEAB1CDE7DDB}.Release|x64.ActiveCfg = Release|x64
		{19FC229E-7034-4149-8D19-BEAB1CDE7DDB}.Release|x64.Build.0 = Release|x64
		{19FC229E-7034-4149-8D19-BEAB1CDE7DDB}.Release|x86.ActiveCfg = Release|Win32
		{19FC229E-7034-4149-8D19-BEAB1CDE7DDB}.Release|x86.Build.0 = Release|Win32
	EndGlobalSection
	GlobalSection(SolutionProperties) = preSolution
		HideSolutionNode = FALSE
	EndGlobalSection
	GlobalSection(ExtensibilityGlobals) = postSolution
		SolutionGuid = {10BF8A52-7E27-4328-8679-8056A741CC29}
	EndGlobalSection
EndGlobal
